
Microsoft Visual Studio Solution File, Format Version 12.00
# Visual Studio Version 18
VisualStudioVersion = 18.3.11512.155
MinimumVisualStudioVersion = 10.0.40219.1
Project("{FAE04EC0-301F-11D3-BF4B-00C04F79EFBC}") = "Nexly.Api", "Nexly.Api\Nexly.Api.csproj", "{71406DD0-7DA9-4518-AD99-436B4DE21DC0}"
EndProject
Project("{FAE04EC0-301F-11D3-BF4B-00C04F79EFBC}") = "Nexly.Application", "Nexly.Application\Nexly.Application.csproj", "{707B4CDB-D053-4DCD-8574-5B97902AD79D}"
EndProject
Project("{FAE04EC0-301F-11D3-BF4B-00C04F79EFBC}") = "Nexly.Domain", "Nexly.Domain\Nexly.Domain.csproj", "{06CE050C-E106-4297-9C51-ECDD10D32B20}"
EndProject
Project("{FAE04EC0-301F-11D3-BF4B-00C04F79EFBC}") = "Nexly.Infrastructure", "Nexly.Infrastructure\Nexly.Infrastructure.csproj", "{8501D549-7A16-47A9-99A7-1B6069C862A4}"
EndProject
Project("{FAE04EC0-301F-11D3-BF4B-00C04F79EFBC}") = "Nexly.Pipeline", "Nexly.Pipeline\Nexly.Pipeline.csproj", "{A685E0BD-8C11-45F9-9F2B-017A4940D250}"
EndProject
Project("{2150E333-8FDC-42A3-9474-1A3956D46DE8}") = "Solution Items", "Solution Items", "{65180BD5-A7DB-4554-9AAB-7AA33F1F96DA}"
	ProjectSection(SolutionItems) = preProject
		docker-compose.yml = docker-compose.yml
	EndProjectSection
EndProject
Project("{FAE04EC0-301F-11D3-BF4B-00C04F79EFBC}") = "Nexly.Messaging", "Nexly.Messaging\Nexly.Messaging.csproj", "{99611067-D2C1-4835-B36A-895F886A7288}"
EndProject
Project("{FAE04EC0-301F-11D3-BF4B-00C04F79EFBC}") = "Nexly.Worker.AI", "Nexly.Worker.AI\Nexly.Worker.AI.csproj", "{5772195B-CFDE-45A5-8C42-B376F5AA7B6D}"
EndProject
Project("{FAE04EC0-301F-11D3-BF4B-00C04F79EFBC}") = "Nexly.Worker.Save", "Nexly.Worker.Save\Nexly.Worker.Save.csproj", "{EA0AC144-EAF5-408E-81C1-753B54EBDD2A}"
EndProject
Project("{FAE04EC0-301F-11D3-BF4B-00C04F79EFBC}") = "Nexly.Worker.Trending", "Nexly.Worker.Trending\Nexly.Worker.Trending.csproj", "{0A547475-2F0B-49FA-9B81-0BA5416F6E2D}"
EndProject
Global
	GlobalSection(SolutionConfigurationPlatforms) = preSolution
		Debug|Any CPU = Debug|Any CPU
		Debug|x64 = Debug|x64
		Debug|x86 = Debug|x86
		Release|Any CPU = Release|Any CPU
		Release|x64 = Release|x64
		Release|x86 = Release|x86
	EndGlobalSection
	GlobalSection(ProjectConfigurationPlatforms) = postSolution
		{71406DD0-7DA9-4518-AD99-436B4DE21DC0}.Debug|Any CPU.ActiveCfg = Debug|Any CPU
		{71406DD0-7DA9-4518-AD99-436B4DE21DC0}.Debug|Any CPU.Build.0 = Debug|Any CPU
		{71406DD0-7DA9-4518-AD99-436B4DE21DC0}.Debug|x64.ActiveCfg = Debug|Any CPU
		{71406DD0-7DA9-4518-AD99-436B4DE21DC0}.Debug|x64.Build.0 = Debug|Any CPU
		{71406DD0-7DA9-4518-AD99-436B4DE21DC0}.Debug|x86.ActiveCfg = Debug|Any CPU
		{71406DD0-7DA9-4518-AD99-436B4DE21DC0}.Debug|x86.Build.0 = Debug|Any CPU
		{71406DD0-7DA9-4518-AD99-436B4DE21DC0}.Release|Any CPU.ActiveCfg = Release|Any CPU
		{71406DD0-7DA9-4518-AD99-436B4DE21DC0}.Release|Any CPU.Build.0 = Release|Any CPU
		{71406DD0-7DA9-4518-AD99-436B4DE21DC0}.Release|x64.ActiveCfg = Release|Any CPU
		{71406DD0-7DA9-4518-AD99-436B4DE21DC0}.Release|x64.Build.0 = Release|Any CPU
		{71406DD0-7DA9-4518-AD99-436B4DE21DC0}.Release|x86.ActiveCfg = Release|Any CPU
		{71406DD0-7DA9-4518-AD99-436B4DE21DC0}.Release|x86.Build.0 = Release|Any CPU
		{707B4CDB-D053-4DCD-8574-5B97902AD79D}.Debug|Any CPU.ActiveCfg = Debug|Any CPU
		{707B4CDB-D053-4DCD-8574-5B97902AD79D}.Debug|Any CPU.Build.0 = Debug|Any CPU
		{707B4CDB-D053-4DCD-8574-5B97902AD79D}.Debug|x64.ActiveCfg = Debug|Any CPU
		{707B4CDB-D053-4DCD-8574-5B97902AD79D}.Debug|x64.Build.0 = Debug|Any CPU
		{707B4CDB-D053-4DCD-8574-5B97902AD79D}.Debug|x86.ActiveCfg = Debug|Any CPU
		{707B4CDB-D053-4DCD-8574-5B97902AD79D}.Debug|x86.Build.0 = Debug|Any CPU
		{707B4CDB-D053-4DCD-8574-5B97902AD79D}.Release|Any CPU.ActiveCfg = Release|Any CPU
		{707B4CDB-D053-4DCD-8574-5B97902AD79D}.Release|Any CPU.Build.0 = Release|Any CPU
		{707B4CDB-D053-4DCD-8574-5B97902AD79D}.Release|x64.ActiveCfg = Release|Any CPU
		{707B4CDB-D053-4DCD-8574-5B97902AD79D}.Release|x64.Build.0 = Release|Any CPU
		{707B4CDB-D053-4DCD-8574-5B97902AD79D}.Release|x86.ActiveCfg = Release|Any CPU
		{707B4CDB-D053-4DCD-8574-5B97902AD79D}.Release|x86.Build.0 = Release|Any CPU
		{06CE050C-E106-4297-9C51-ECDD10D32B20}.Debug|Any CPU.ActiveCfg = Debug|Any CPU
		{06CE050C-E106-4297-9C51-ECDD10D32B20}.Debug|Any CPU.Build.0 = Debug|Any CPU
		{06CE050C-E106-4297-9C51-ECDD10D32B20}.Debug|x64.ActiveCfg = Debug|Any CPU
		{06CE050C-E106-4297-9C51-ECDD10D32B20}.Debug|x64.Build.0 = Debug|Any CPU
		{06CE050C-E106-4297-9C51-ECDD10D32B20}.Debug|x86.ActiveCfg = Debug|Any CPU
		{06CE050C-E106-4297-9C51-ECDD10D32B20}.Debug|x86.Build.0 = Debug|Any CPU
		{06CE050C-E106-4297-9C51-ECDD10D32B20}.Release|Any CPU.ActiveCfg = Release|Any CPU
		{06CE050C-E106-4297-9C51-ECDD10D32B20}.Release|Any CPU.Build.0 = Release|Any CPU
		{06CE050C-E106-4297-9C51-ECDD10D32B20}.Release|x64.ActiveCfg = Release|Any CPU
		{06CE050C-E106-4297-9C51-ECDD10D32B20}.Release|x64.Build.0 = Release|Any CPU
		{06CE050C-E106-4297-9C51-ECDD10D32B20}.Release|x86.ActiveCfg = Release|Any CPU
		{06CE050C-E106-4297-9C51-ECDD10D32B20}.Release|x86.Build.0 = Release|Any CPU
		{8501D549-7A16-47A9-99A7-1B6069C862A4}.Debug|Any CPU.ActiveCfg = Debug|Any CPU
		{8501D549-7A16-47A9-99A7-1B6069C862A4}.Debug|Any CPU.Build.0 = Debug|Any CPU
		{8501D549-7A16-47A9-99A7-1B6069C862A4}.Debug|x64.ActiveCfg = Debug|Any CPU
		{8501D549-7A16-47A9-99A7-1B6069C862A4}.Debug|x64.Build.0 = Debug|Any CPU
		{8501D549-7A16-47A9-99A7-1B6069C862A4}.Debug|x86.ActiveCfg = Debug|Any CPU
		{8501D549-7A16-47A9-99A7-1B6069C862A4}.Debug|x86.Build.0 = Debug|Any CPU
		{8501D549-7A16-47A9-99A7-1B6069C862A4}.Release|Any CPU.ActiveCfg = Release|Any CPU
		{8501D549-7A16-47A9-99A7-1B6069C862A4}.Release|Any CPU.Build.0 = Release|Any CPU
		{8501D549-7A16-47A9-99A7-1B6069C862A4}.Release|x64.ActiveCfg = Release|Any CPU
		{8501D549-7A16-47A9-99A7-1B6069C862A4}.Release|x64.Build.0 = Release|Any CPU
		{8501D549-7A16-47A9-99A7-1B6069C862A4}.Release|x86.ActiveCfg = Release|Any CPU
		{8501D549-7A16-47A9-99A7-1B6069C862A4}.Release|x86.Build.0 = Release|Any CPU
		{A685E0BD-8C11-45F9-9F2B-017A4940D250}.Debug|Any CPU.ActiveCfg = Debug|Any CPU
		{A685E0BD-8C11-45F9-9F2B-017A4940D250}.Debug|Any CPU.Build.0 = Debug|Any CPU
		{A685E0BD-8C11-45F9-9F2B-017A4940D250}.Debug|x64.ActiveCfg = Debug|Any CPU
		{A685E0BD-8C11-45F9-9F2B-017A4940D250}.Debug|x64.Build.0 = Debug|Any CPU
		{A685E0BD-8C11-45F9-9F2B-017A4940D250}.Debug|x86.ActiveCfg = Debug|Any CPU
		{A685E0BD-8C11-45F9-9F2B-017A4940D250}.Debug|x86.Build.0 = Debug|Any CPU
		{A685E0BD-8C11-45F9-9F2B-017A4940D250}.Release|Any CPU.ActiveCfg = Release|Any CPU
		{A685E0BD-8C11-45F9-9F2B-017A4940D250}.Release|Any CPU.Build.0 = Release|Any CPU
		{A685E0BD-8C11-45F9-9F2B-017A4940D250}.Release|x64.ActiveCfg = Release|Any CPU
		{A685E0BD-8C11-45F9-9F2B-017A4940D250}.Release|x64.Build.0 = Release|Any CPU
		{A685E0BD-8C11-45F9-9F2B-017A4940D250}.Release|x86.ActiveCfg = Release|Any CPU
		{A685E0BD-8C11-45F9-9F2B-017A4940D250}.Release|x86.Build.0 = Release|Any CPU
		{99611067-D2C1-4835-B36A-895F886A7288}.Debug|Any CPU.ActiveCfg = Debug|Any CPU
		{99611067-D2C1-4835-B36A-895F886A7288}.Debug|Any CPU.Build.0 = Debug|Any CPU
		{99611067-D2C1-4835-B36A-895F886A7288}.Debug|x64.ActiveCfg = Debug|Any CPU
		{99611067-D2C1-4835-B36A-895F886A7288}.Debug|x64.Build.0 = Debug|Any CPU
		{99611067-D2C1-4835-B36A-895F886A7288}.Debug|x86.ActiveCfg = Debug|Any CPU
		{99611067-D2C1-4835-B36A-895F886A7288}.Debug|x86.Build.0 = Debug|Any CPU
		{99611067-D2C1-4835-B36A-895F886A7288}.Release|Any CPU.ActiveCfg = Release|Any CPU
		{99611067-D2C1-4835-B36A-895F886A7288}.Release|Any CPU.Build.0 = Release|Any CPU
		{99611067-D2C1-4835-B36A-895F886A7288}.Release|x64.ActiveCfg = Release|Any CPU
		{99611067-D2C1-4835-B36A-895F886A7288}.Release|x64.Build.0 = Release|Any CPU
		{99611067-D2C1-4835-B36A-895F886A7288}.Release|x86.ActiveCfg = Release|Any CPU
		{99611067-D2C1-4835-B36A-895F886A7288}.Release|x86.Build.0 = Release|Any CPU
		{5772195B-CFDE-45A5-8C42-B376F5AA7B6D}.Debug|Any CPU.ActiveCfg = Debug|Any CPU
		{5772195B-CFDE-45A5-8C42-B376F5AA7B6D}.Debug|Any CPU.Build.0 = Debug|Any CPU
		{5772195B-CFDE-45A5-8C42-B376F5AA7B6D}.Debug|x64.ActiveCfg = Debug|Any CPU
		{5772195B-CFDE-45A5-8C42-B376F5AA7B6D}.Debug|x64.Build.0 = Debug|Any CPU
		{5772195B-CFDE-45A5-8C42-B376F5AA7B6D}.Debug|x86.ActiveCfg = Debug|Any CPU
		{5772195B-CFDE-45A5-8C42-B376F5AA7B6D}.Debug|x86.Build.0 = Debug|Any CPU
		{5772195B-CFDE-45A5-8C42-B376F5AA7B6D}.Release|Any CPU.ActiveCfg = Release|Any CPU
		{5772195B-CFDE-45A5-8C42-B376F5AA7B6D}.Release|Any CPU.Build.0 = Release|Any CPU
		{5772195B-CFDE-45A5-8C42-B376F5AA7B6D}.Release|x64.ActiveCfg = Release|Any CPU
		{5772195B-CFDE-45A5-8C42-B376F5AA7B6D}.Release|x64.Build.0 = Release|Any CPU
		{5772195B-CFDE-45A5-8C42-B376F5AA7B6D}.Release|x86.ActiveCfg = Release|Any CPU
		{5772195B-CFDE-45A5-8C42-B376F5AA7B6D}.Release|x86.Build.0 = Release|Any CPU
		{EA0AC144-EAF5-408E-81C1-753B54EBDD2A}.Debug|Any CPU.ActiveCfg = Debug|Any CPU
		{EA0AC144-EAF5-408E-81C1-753B54EBDD2A}.Debug|Any CPU.Build.0 = Debug|Any CPU
		{EA0AC144-EAF5-408E-81C1-753B54EBDD2A}.Debug|x64.ActiveCfg = Debug|Any CPU
		{EA0AC144-EAF5-408E-81C1-753B54EBDD2A}.Debug|x64.Build.0 = Debug|Any CPU
		{EA0AC144-EAF5-408E-81C1-753B54EBDD2A}.Debug|x86.ActiveCfg = Debug|Any CPU
		{EA0AC144-EAF5-408E-81C1-753B54EBDD2A}.Debug|x86.Build.0 = Debug|Any CPU
		{EA0AC144-EAF5-408E-81C1-753B54EBDD2A}.Release|Any CPU.ActiveCfg = Release|Any CPU
		{EA0AC144-EAF5-408E-81C1-753B54EBDD2A}.Release|Any CPU.Build.0 = Release|Any CPU
		{EA0AC144-EAF5-408E-81C1-753B54EBDD2A}.Release|x64.ActiveCfg = Release|Any CPU
		{EA0AC144-EAF5-408E-81C1-753B54EBDD2A}.Release|x64.Build.0 = Release|Any CPU
		{EA0AC144-EAF5-408E-81C1-753B54EBDD2A}.Release|x86.ActiveCfg = Release|Any CPU
		{EA0AC144-EAF5-408E-81C1-753B54EBDD2A}.Release|x86.Build.0 = Release|Any CPU
		{0A547475-2F0B-49FA-9B81-0BA5416F6E2D}.Debug|Any CPU.ActiveCfg = Debug|Any CPU
		{0A547475-2F0B-49FA-9B81-0BA5416F6E2D}.Debug|Any CPU.Build.0 = Debug|Any CPU
		{0A547475-2F0B-49FA-9B81-0BA5416F6E2D}.Debug|x64.ActiveCfg = Debug|Any CPU
		{0A547475-2F0B-49FA-9B81-0BA5416F6E2D}.Debug|x64.Build.0 = Debug|Any CPU
		{0A547475-2F0B-49FA-9B81-0BA5416F6E2D}.Debug|x86.ActiveCfg = Debug|Any CPU
		{0A547475-2F0B-49FA-9B81-0BA5416F6E2D}.Debug|x86.Build.0 = Debug|Any CPU
		{0A547475-2F0B-49FA-9B81-0BA5416F6E2D}.Release|Any CPU.ActiveCfg = Release|Any CPU
		{0A547475-2F0B-49FA-9B81-0BA5416F6E2D}.Release|Any CPU.Build.0 = Release|Any CPU
		{0A547475-2F0B-49FA-9B81-0BA5416F6E2D}.Release|x64.ActiveCfg = Release|Any CPU
		{0A547475-2F0B-49FA-9B81-0BA5416F6E2D}.Release|x64.Build.0 = Release|Any CPU
		{0A547475-2F0B-49FA-9B81-0BA5416F6E2D}.Release|x86.ActiveCfg = Release|Any CPU
		{0A547475-2F0B-49FA-9B81-0BA5416F6E2D}.Release|x86.Build.0 = Release|Any CPU
	EndGlobalSection
	GlobalSection(SolutionProperties) = preSolution
		HideSolutionNode = FALSE
	EndGlobalSection
	GlobalSection(ExtensibilityGlobals) = postSolution
		SolutionGuid = {C388AAA4-DE16-47D8-8CFF-127ACF46A45C}
	EndGlobalSection
EndGlobal
